
Microsoft Visual Studio Solution File, Format Version 12.00
# Visual Studio Version 16
VisualStudioVersion = 16.0.29613.14
MinimumVisualStudioVersion = 10.0.40219.1
Project("{FAE04EC0-301F-11D3-BF4B-00C04F79EFBC}") = "NeuroAttention", "NeuroAttention\NeuroAttention.csproj", "{FE773B25-6F81-4C4E-8C15-1F8C47AF5C2E}"
EndProject
Project("{FAE04EC0-301F-11D3-BF4B-00C04F79EFBC}") = "MayaUpdater", "SharpUpdate\MayaUpdater.csproj", "{200FB6F3-7977-4557-A6B8-D52DBF24713C}"
EndProject
Project("{54435603-DBB4-11D2-8724-00A0C9A8B90C}") = "MayaInstaller", "MayaInstaller\MayaInstaller.vdproj", "{3CDE04E7-00F6-434F-B5E7-08D10193D59E}"
EndProject
Global
	GlobalSection(SolutionConfigurationPlatforms) = preSolution
		Debug|Any CPU = Debug|Any CPU
		Release|Any CPU = Release|Any CPU
	EndGlobalSection
	GlobalSection(ProjectConfigurationPlatforms) = postSolution
		{FE773B25-6F81-4C4E-8C15-1F8C47AF5C2E}.Debug|Any CPU.ActiveCfg = Debug|Any CPU
		{FE773B25-6F81-4C4E-8C15-1F8C47AF5C2E}.Debug|Any CPU.Build.0 = Debug|Any CPU
		{FE773B25-6F81-4C4E-8C15-1F8C47AF5C2E}.Release|Any CPU.ActiveCfg = Release|Any CPU
		{FE773B25-6F81-4C4E-8C15-1F8C47AF5C2E}.Release|Any CPU.Build.0 = Release|Any CPU
		{200FB6F3-7977-4557-A6B8-D52DBF24713C}.Debug|Any CPU.ActiveCfg = Debug|Any CPU
		{200FB6F3-7977-4557-A6B8-D52DBF24713C}.Debug|Any CPU.Build.0 = Debug|Any CPU
		{200FB6F3-7977-4557-A6B8-D52DBF24713C}.Release|Any CPU.ActiveCfg = Release|Any CPU
		{200FB6F3-7977-4557-A6B8-D52DBF24713C}.Release|Any CPU.Build.0 = Release|Any CPU
		{3CDE04E7-00F6-434F-B5E7-08D10193D59E}.Debug|Any CPU.ActiveCfg = Debug
		{3CDE04E7-00F6-434F-B5E7-08D10193D59E}.Release|Any CPU.ActiveCfg = Release
	EndGlobalSection
	GlobalSection(SolutionProperties) = preSolution
		HideSolutionNode = FALSE
	EndGlobalSection
	GlobalSection(ExtensibilityGlobals) = postSolution
		SolutionGuid = {8AC720E9-C397-4452-B03D-CE852ECA8B06}
	EndGlobalSection
EndGlobal
